# CA warm-up with BLOCK tokenization — raises the task to k-Dyck-level difficulty.
# 7 cells -> one of 128 symbols, so each masked token requires modeling a multi-cell
# pattern (entropy ~6.4 bits, like k-Dyck) instead of a near-trivial binary guess.
seed: 42
run_name: ca-rule110-block
results_dir: results

model: { name: vit_tiny_patch16_224, embed_dim: 192 }
grid: { H: 14, W: 14 }                       # 14 token-cols x 7 cells = 98 cells per row
vocab: { K: 130, PAD_ID: 0, MASK_ID: 1 }     # 2 specials + 2^7 block symbols

data:
  source: ca

ca:
  rule: 110
  dim: 1
  sim_width: 128                              # >= 98 cells/row, with margin for light cones
  burn_in: 32
  boundary: periodic
  init_density: 0.5
  tokenize: { mode: block, block_size: 7 }

masking: { mode: random, mask_ratio: 0.5 }

dataset: { n_samples: 100000, batch_size: 256, num_workers: 4, pin_memory: true }
training: { steps: 15000, device: cuda }
optimizer: { lr: 0.002, weight_decay: 0.05, betas: [0.9, 0.999] }
scheduler: { enabled: true, warmup_steps: 1000, warmup_start_lr: 1.0e-6, min_lr: 1.0e-5 }
checkpoint: { out_dir: checkpoints, save_steps: [15000] }
wandb: { enabled: false, project: procedural-warmup-ca }
logging: { print_freq: 50, progress: true, figure_every: 1000 }
